
Microsoft Visual Studio Solution File, Format Version 12.00
# Visual Studio 15
VisualStudioVersion = 15.0.28307.1062
MinimumVisualStudioVersion = 10.0.40219.1
Project("{FAE04EC0-301F-11D3-BF4B-00C04F79EFBC}") = "St.Paul", "WebApplication2\St.Paul.csproj", "{8E3C0331-E744-449D-8B67-1AC2092F9C59}"
EndProject
Global
	GlobalSection(SolutionConfigurationPlatforms) = preSolution
		Debug|Any CPU = Debug|Any CPU
		Release|Any CPU = Release|Any CPU
	EndGlobalSection
	GlobalSection(ProjectConfigurationPlatforms) = postSolution
		{8E3C0331-E744-449D-8B67-1AC2092F9C59}.Debug|Any CPU.ActiveCfg = Debug|Any CPU
		{8E3C0331-E744-449D-8B67-1AC2092F9C59}.Debug|Any CPU.Build.0 = Debug|Any CPU
		{8E3C0331-E744-449D-8B67-1AC2092F9C59}.Release|Any CPU.ActiveCfg = Release|Any CPU
		{8E3C0331-E744-449D-8B67-1AC2092F9C59}.Release|Any CPU.Build.0 = Release|Any CPU
	EndGlobalSection
	GlobalSection(SolutionProperties) = preSolution
		HideSolutionNode = FALSE
	EndGlobalSection
	GlobalSection(ExtensibilityGlobals) = postSolution
		SolutionGuid = {A09EF8EE-9BA4-428C-A480-4886E25B4B9D}
	EndGlobalSection
EndGlobal
